
Microsoft Visual Studio Solution File, Format Version 12.00
# Visual Studio Version 16
VisualStudioVersion = 16.0.30803.129
MinimumVisualStudioVersion = 10.0.40219.1
Project("{FAE04EC0-301F-11D3-BF4B-00C04F79EFBC}") = "ShellStylesSample.UWP", "ShellStylesSample\ShellStylesSample.UWP\ShellStylesSample.UWP.csproj", "{213F49E8-CBF1-480E-8A3A-DEEF3A3B2A3F}"
EndProject
Project("{FAE04EC0-301F-11D3-BF4B-00C04F79EFBC}") = "ShellStylesSample.Android", "ShellStylesSample\ShellStylesSample.Android\ShellStylesSample.Android.csproj", "{84B94813-6E35-428C-A9B2-562EB0128299}"
EndProject
Project("{FAE04EC0-301F-11D3-BF4B-00C04F79EFBC}") = "ShellStylesSample.iOS", "ShellStylesSample\ShellStylesSample.iOS\ShellStylesSample.iOS.csproj", "{917F0C3E-976E-4C0C-BB51-B4975DCC149E}"
EndProject
Project("{FAE04EC0-301F-11D3-BF4B-00C04F79EFBC}") = "ShellStylesSample", "ShellStylesSample\ShellStylesSample\ShellStylesSample.csproj", "{892A0216-273A-4878-A12E-7847DF2DD9FF}"
EndProject
Global
	GlobalSection(SolutionConfigurationPlatforms) = preSolution
		Debug|Any CPU = Debug|Any CPU
		Debug|ARM = Debug|ARM
		Debug|iPhone = Debug|iPhone
		Debug|iPhoneSimulator = Debug|iPhoneSimulator
		Debug|x64 = Debug|x64
		Debug|x86 = Debug|x86
		Release|Any CPU = Release|Any CPU
		Release|ARM = Release|ARM
		Release|iPhone = Release|iPhone
		Release|iPhoneSimulator = Release|iPhoneSimulator
		Release|x64 = Release|x64
		Release|x86 = Release|x86
	EndGlobalSection
	GlobalSection(ProjectConfigurationPlatforms) = postSolution
		{213F49E8-CBF1-480E-8A3A-DEEF3A3B2A3F}.Debug|Any CPU.ActiveCfg = Debug|x86
		{213F49E8-CBF1-480E-8A3A-DEEF3A3B2A3F}.Debug|Any CPU.Build.0 = Debug|x86
		{213F49E8-CBF1-480E-8A3A-DEEF3A3B2A3F}.Debug|Any CPU.Deploy.0 = Debug|x86
		{213F49E8-CBF1-480E-8A3A-DEEF3A3B2A3F}.Debug|ARM.ActiveCfg = Debug|ARM
		{213F49E8-CBF1-480E-8A3A-DEEF3A3B2A3F}.Debug|ARM.Build.0 = Debug|ARM
		{213F49E8-CBF1-480E-8A3A-DEEF3A3B2A3F}.Debug|ARM.Deploy.0 = Debug|ARM
		{213F49E8-CBF1-480E-8A3A-DEEF3A3B2A3F}.Debug|iPhone.ActiveCfg = Debug|x86
		{213F49E8-CBF1-480E-8A3A-DEEF3A3B2A3F}.Debug|iPhone.Build.0 = Debug|x86
		{213F49E8-CBF1-480E-8A3A-DEEF3A3B2A3F}.Debug|iPhone.Deploy.0 = Debug|x86
		{213F49E8-CBF1-480E-8A3A-DEEF3A3B2A3F}.Debug|iPhoneSimulator.ActiveCfg = Debug|x86
		{213F49E8-CBF1-480E-8A3A-DEEF3A3B2A3F}.Debug|iPhoneSimulator.Build.0 = Debug|x86
		{213F49E8-CBF1-480E-8A3A-DEEF3A3B2A3F}.Debug|iPhoneSimulator.Deploy.0 = Debug|x86
		{213F49E8-CBF1-480E-8A3A-DEEF3A3B2A3F}.Debug|x64.ActiveCfg = Debug|x64
		{213F49E8-CBF1-480E-8A3A-DEEF3A3B2A3F}.Debug|x64.Build.0 = Debug|x64
		{213F49E8-CBF1-480E-8A3A-DEEF3A3B2A3F}.Debug|x64.Deploy.0 = Debug|x64
		{213F49E8-CBF1-480E-8A3A-DEEF3A3B2A3F}.Debug|x86.ActiveCfg = Debug|x86
		{213F49E8-CBF1-480E-8A3A-DEEF3A3B2A3F}.Debug|x86.Build.0 = Debug|x86
		{213F49E8-CBF1-480E-8A3A-DEEF3A3B2A3F}.Debug|x86.Deploy.0 = Debug|x86
		{213F49E8-CBF1-480E-8A3A-DEEF3A3B2A3F}.Release|Any CPU.ActiveCfg = Release|x86
		{213F49E8-CBF1-480E-8A3A-DEEF3A3B2A3F}.Release|Any CPU.Build.0 = Release|x86
		{213F49E8-CBF1-480E-8A3A-DEEF3A3B2A3F}.Release|Any CPU.Deploy.0 = Release|x86
		{213F49E8-CBF1-480E-8A3A-DEEF3A3B2A3F}.Release|ARM.ActiveCfg = Release|ARM
		{213F49E8-CBF1-480E-8A3A-DEEF3A3B2A3F}.Release|ARM.Build.0 = Release|ARM
		{213F49E8-CBF1-480E-8A3A-DEEF3A3B2A3F}.Release|ARM.Deploy.0 = Release|ARM
		{213F49E8-CBF1-480E-8A3A-DEEF3A3B2A3F}.Release|iPhone.ActiveCfg = Release|x86
		{213F49E8-CBF1-480E-8A3A-DEEF3A3B2A3F}.Release|iPhone.Build.0 = Release|x86
		{213F49E8-CBF1-480E-8A3A-DEEF3A3B2A3F}.Release|iPhone.Deploy.0 = Release|x86
		{213F49E8-CBF1-480E-8A3A-DEEF3A3B2A3F}.Release|iPhoneSimulator.ActiveCfg = Release|x86
		{213F49E8-CBF1-480E-8A3A-DEEF3A3B2A3F}.Release|iPhoneSimulator.Build.0 = Release|x86
		{213F49E8-CBF1-480E-8A3A-DEEF3A3B2A3F}.Release|iPhoneSimulator.Deploy.0 = Release|x86
		{213F49E8-CBF1-480E-8A3A-DEEF3A3B2A3F}.Release|x64.ActiveCfg = Release|x64
		{213F49E8-CBF1-480E-8A3A-DEEF3A3B2A3F}.Release|x64.Build.0 = Release|x64
		{213F49E8-CBF1-480E-8A3A-DEEF3A3B2A3F}.Release|x64.Deploy.0 = Release|x64
		{213F49E8-CBF1-480E-8A3A-DEEF3A3B2A3F}.Release|x86.ActiveCfg = Release|x86
		{213F49E8-CBF1-480E-8A3A-DEEF3A3B2A3F}.Release|x86.Build.0 = Release|x86
		{213F49E8-CBF1-480E-8A3A-DEEF3A3B2A3F}.Release|x86.Deploy.0 = Release|x86
		{84B94813-6E35-428C-A9B2-562EB0128299}.Debug|Any CPU.ActiveCfg = Debug|Any CPU
		{84B94813-6E35-428C-A9B2-562EB0128299}.Debug|Any CPU.Build.0 = Debug|Any CPU
		{84B94813-6E35-428C-A9B2-562EB0128299}.Debug|Any CPU.Deploy.0 = Debug|Any CPU
		{84B94813-6E35-428C-A9B2-562EB0128299}.Debug|ARM.ActiveCfg = Debug|Any CPU
		{84B94813-6E35-428C-A9B2-562EB0128299}.Debug|ARM.Build.0 = Debug|Any CPU
		{84B94813-6E35-428C-A9B2-562EB0128299}.Debug|ARM.Deploy.0 = Debug|Any CPU
		{84B94813-6E35-428C-A9B2-562EB0128299}.Debug|iPhone.ActiveCfg = Debug|Any CPU
		{84B94813-6E35-428C-A9B2-562EB0128299}.Debug|iPhone.Build.0 = Debug|Any CPU
		{84B94813-6E35-428C-A9B2-562EB0128299}.Debug|iPhone.Deploy.0 = Debug|Any CPU
		{84B94813-6E35-428C-A9B2-562EB0128299}.Debug|iPhoneSimulator.ActiveCfg = Debug|Any CPU
		{84B94813-6E35-428C-A9B2-562EB0128299}.Debug|iPhoneSimulator.Build.0 = Debug|Any CPU
		{84B94813-6E35-428C-A9B2-562EB0128299}.Debug|iPhoneSimulator.Deploy.0 = Debug|Any CPU
		{84B94813-6E35-428C-A9B2-562EB0128299}.Debug|x64.ActiveCfg = Debug|Any CPU
		{84B94813-6E35-428C-A9B2-562EB0128299}.Debug|x64.Build.0 = Debug|Any CPU
		{84B94813-6E35-428C-A9B2-562EB0128299}.Debug|x64.Deploy.0 = Debug|Any CPU
		{84B94813-6E35-428C-A9B2-562EB0128299}.Debug|x86.ActiveCfg = Debug|Any CPU
		{84B94813-6E35-428C-A9B2-562EB0128299}.Debug|x86.Build.0 = Debug|Any CPU
		{84B94813-6E35-428C-A9B2-562EB0128299}.Debug|x86.Deploy.0 = Debug|Any CPU
		{84B94813-6E35-428C-A9B2-562EB0128299}.Release|Any CPU.ActiveCfg = Release|Any CPU
		{84B94813-6E35-428C-A9B2-562EB0128299}.Release|Any CPU.Build.0 = Release|Any CPU
		{84B94813-6E35-428C-A9B2-562EB0128299}.Release|Any CPU.Deploy.0 = Release|Any CPU
		{84B94813-6E35-428C-A9B2-562EB0128299}.Release|ARM.ActiveCfg = Release|Any CPU
		{84B94813-6E35-428C-A9B2-562EB0128299}.Release|ARM.Build.0 = Release|Any CPU
		{84B94813-6E35-428C-A9B2-562EB0128299}.Release|ARM.Deploy.0 = Release|Any CPU
		{84B94813-6E35-428C-A9B2-562EB0128299}.Release|iPhone.ActiveCfg = Release|Any CPU
		{84B94813-6E35-428C-A9B2-562EB0128299}.Release|iPhone.Build.0 = Release|Any CPU
		{84B94813-6E35-428C-A9B2-562EB0128299}.Release|iPhone.Deploy.0 = Release|Any CPU
		{84B94813-6E35-428C-A9B2-562EB0128299}.Release|iPhoneSimulator.ActiveCfg = Release|Any CPU
		{84B94813-6E35-428C-A9B2-562EB0128299}.Release|iPhoneSimulator.Build.0 = Release|Any CPU
		{84B94813-6E35-428C-A9B2-562EB0128299}.Release|iPhoneSimulator.Deploy.0 = Release|Any CPU
		{84B94813-6E35-428C-A9B2-562EB0128299}.Release|x64.ActiveCfg = Release|Any CPU
		{84B94813-6E35-428C-A9B2-562EB0128299}.Release|x64.Build.0 = Release|Any CPU
		{84B94813-6E35-428C-A9B2-562EB0128299}.Release|x64.Deploy.0 = Release|Any CPU
		{84B94813-6E35-428C-A9B2-562EB0128299}.Release|x86.ActiveCfg = Release|Any CPU
		{84B94813-6E35-428C-A9B2-562EB0128299}.Release|x86.Build.0 = Release|Any CPU
		{84B94813-6E35-428C-A9B2-562EB0128299}.Release|x86.Deploy.0 = Release|Any CPU
		{917F0C3E-976E-4C0C-BB51-B4975DCC149E}.Debug|Any CPU.ActiveCfg = Debug|iPhoneSimulator
		{917F0C3E-976E-4C0C-BB51-B4975DCC149E}.Debug|Any CPU.Build.0 = Debug|iPhoneSimulator
		{917F0C3E-976E-4C0C-BB51-B4975DCC149E}.Debug|Any CPU.Deploy.0 = Debug|iPhoneSimulator
		{917F0C3E-976E-4C0C-BB51-B4975DCC149E}.Debug|ARM.ActiveCfg = Debug|iPhone
		{917F0C3E-976E-4C0C-BB51-B4975DCC149E}.Debug|ARM.Build.0 = Debug|iPhone
		{917F0C3E-976E-4C0C-BB51-B4975DCC149E}.Debug|ARM.Deploy.0 = Debug|iPhone
		{917F0C3E-976E-4C0C-BB51-B4975DCC149E}.Debug|iPhone.ActiveCfg = Debug|iPhone
		{917F0C3E-976E-4C0C-BB51-B4975DCC149E}.Debug|iPhone.Build.0 = Debug|iPhone
		{917F0C3E-976E-4C0C-BB51-B4975DCC149E}.Debug|iPhone.Deploy.0 = Debug|iPhone
		{917F0C3E-976E-4C0C-BB51-B4975DCC149E}.Debug|iPhoneSimulator.ActiveCfg = Debug|iPhoneSimulator
		{917F0C3E-976E-4C0C-BB51-B4975DCC149E}.Debug|iPhoneSimulator.Build.0 = Debug|iPhoneSimulator
		{917F0C3E-976E-4C0C-BB51-B4975DCC149E}.Debug|iPhoneSimulator.Deploy.0 = Debug|iPhoneSimulator
		{917F0C3E-976E-4C0C-BB51-B4975DCC149E}.Debug|x64.ActiveCfg = Debug|iPhoneSimulator
		{917F0C3E-976E-4C0C-BB51-B4975DCC149E}.Debug|x64.Build.0 = Debug|iPhoneSimulator
		{917F0C3E-976E-4C0C-BB51-B4975DCC149E}.Debug|x64.Deploy.0 = Debug|iPhoneSimulator
		{917F0C3E-976E-4C0C-BB51-B4975DCC149E}.Debug|x86.ActiveCfg = Debug|iPhoneSimulator
		{917F0C3E-976E-4C0C-BB51-B4975DCC149E}.Debug|x86.Build.0 = Debug|iPhoneSimulator
		{917F0C3E-976E-4C0C-BB51-B4975DCC149E}.Debug|x86.Deploy.0 = Debug|iPhoneSimulator
		{917F0C3E-976E-4C0C-BB51-B4975DCC149E}.Release|Any CPU.ActiveCfg = Release|iPhoneSimulator
		{917F0C3E-976E-4C0C-BB51-B4975DCC149E}.Release|Any CPU.Build.0 = Release|iPhoneSimulator
		{917F0C3E-976E-4C0C-BB51-B4975DCC149E}.Release|Any CPU.Deploy.0 = Release|iPhoneSimulator
		{917F0C3E-976E-4C0C-BB51-B4975DCC149E}.Release|ARM.ActiveCfg = Release|iPhoneSimulator
		{917F0C3E-976E-4C0C-BB51-B4975DCC149E}.Release|ARM.Build.0 = Release|iPhoneSimulator
		{917F0C3E-976E-4C0C-BB51-B4975DCC149E}.Release|ARM.Deploy.0 = Release|iPhoneSimulator
		{917F0C3E-976E-4C0C-BB51-B4975DCC149E}.Release|iPhone.ActiveCfg = Release|iPhone
		{917F0C3E-976E-4C0C-BB51-B4975DCC149E}.Release|iPhone.Build.0 = Release|iPhone
		{917F0C3E-976E-4C0C-BB51-B4975DCC149E}.Release|iPhone.Deploy.0 = Release|iPhone
		{917F0C3E-976E-4C0C-BB51-B4975DCC149E}.Release|iPhoneSimulator.ActiveCfg = Release|iPhoneSimulator
		{917F0C3E-976E-4C0C-BB51-B4975DCC149E}.Release|iPhoneSimulator.Build.0 = Release|iPhoneSimulator
		{917F0C3E-976E-4C0C-BB51-B4975DCC149E}.Release|iPhoneSimulator.Deploy.0 = Release|iPhoneSimulator
		{917F0C3E-976E-4C0C-BB51-B4975DCC149E}.Release|x64.ActiveCfg = Release|iPhoneSimulator
		{917F0C3E-976E-4C0C-BB51-B4975DCC149E}.Release|x64.Build.0 = Release|iPhoneSimulator
		{917F0C3E-976E-4C0C-BB51-B4975DCC149E}.Release|x64.Deploy.0 = Release|iPhoneSimulator
		{917F0C3E-976E-4C0C-BB51-B4975DCC149E}.Release|x86.ActiveCfg = Release|iPhoneSimulator
		{917F0C3E-976E-4C0C-BB51-B4975DCC149E}.Release|x86.Build.0 = Release|iPhoneSimulator
		{917F0C3E-976E-4C0C-BB51-B4975DCC149E}.Release|x86.Deploy.0 = Release|iPhoneSimulator
		{892A0216-273A-4878-A12E-7847DF2DD9FF}.Debug|Any CPU.ActiveCfg = Debug|Any CPU
		{892A0216-273A-4878-A12E-7847DF2DD9FF}.Debug|Any CPU.Build.0 = Debug|Any CPU
		{892A0216-273A-4878-A12E-7847DF2DD9FF}.Debug|Any CPU.Deploy.0 = Debug|Any CPU
		{892A0216-273A-4878-A12E-7847DF2DD9FF}.Debug|ARM.ActiveCfg = Debug|Any CPU
		{892A0216-273A-4878-A12E-7847DF2DD9FF}.Debug|ARM.Build.0 = Debug|Any CPU
		{892A0216-273A-4878-A12E-7847DF2DD9FF}.Debug|ARM.Deploy.0 = Debug|Any CPU
		{892A0216-273A-4878-A12E-7847DF2DD9FF}.Debug|iPhone.ActiveCfg = Debug|Any CPU
		{892A0216-273A-4878-A12E-7847DF2DD9FF}.Debug|iPhone.Build.0 = Debug|Any CPU
		{892A0216-273A-4878-A12E-7847DF2DD9FF}.Debug|iPhone.Deploy.0 = Debug|Any CPU
		{892A0216-273A-4878-A12E-7847DF2DD9FF}.Debug|iPhoneSimulator.ActiveCfg = Debug|Any CPU
		{892A0216-273A-4878-A12E-7847DF2DD9FF}.Debug|iPhoneSimulator.Build.0 = Debug|Any CPU
		{892A0216-273A-4878-A12E-7847DF2DD9FF}.Debug|iPhoneSimulator.Deploy.0 = Debug|Any CPU
		{892A0216-273A-4878-A12E-7847DF2DD9FF}.Debug|x64.ActiveCfg = Debug|Any CPU
		{892A0216-273A-4878-A12E-7847DF2DD9FF}.Debug|x64.Build.0 = Debug|Any CPU
		{892A0216-273A-4878-A12E-7847DF2DD9FF}.Debug|x64.Deploy.0 = Debug|Any CPU
		{892A0216-273A-4878-A12E-7847DF2DD9FF}.Debug|x86.ActiveCfg = Debug|Any CPU
		{892A0216-273A-4878-A12E-7847DF2DD9FF}.Debug|x86.Build.0 = Debug|Any CPU
		{892A0216-273A-4878-A12E-7847DF2DD9FF}.Debug|x86.Deploy.0 = Debug|Any CPU
		{892A0216-273A-4878-A12E-7847DF2DD9FF}.Release|Any CPU.ActiveCfg = Release|Any CPU
		{892A0216-273A-4878-A12E-7847DF2DD9FF}.Release|Any CPU.Build.0 = Release|Any CPU
		{892A0216-273A-4878-A12E-7847DF2DD9FF}.Release|Any CPU.Deploy.0 = Release|Any CPU
		{892A0216-273A-4878-A12E-7847DF2DD9FF}.Release|ARM.ActiveCfg = Release|Any CPU
		{892A0216-273A-4878-A12E-7847DF2DD9FF}.Release|ARM.Build.0 = Release|Any CPU
		{892A0216-273A-4878-A12E-7847DF2DD9FF}.Release|ARM.Deploy.0 = Release|Any CPU
		{892A0216-273A-4878-A12E-7847DF2DD9FF}.Release|iPhone.ActiveCfg = Release|Any CPU
		{892A0216-273A-4878-A12E-7847DF2DD9FF}.Release|iPhone.Build.0 = Release|Any CPU
		{892A0216-273A-4878-A12E-7847DF2DD9FF}.Release|iPhone.Deploy.0 = Release|Any CPU
		{892A0216-273A-4878-A12E-7847DF2DD9FF}.Release|iPhoneSimulator.ActiveCfg = Release|Any CPU
		{892A0216-273A-4878-A12E-7847DF2DD9FF}.Release|iPhoneSimulator.Build.0 = Release|Any CPU
		{892A0216-273A-4878-A12E-7847DF2DD9FF}.Release|iPhoneSimulator.Deploy.0 = Release|Any CPU
		{892A0216-273A-4878-A12E-7847DF2DD9FF}.Release|x64.ActiveCfg = Release|Any CPU
		{892A0216-273A-4878-A12E-7847DF2DD9FF}.Release|x64.Build.0 = Release|Any CPU
		{892A0216-273A-4878-A12E-7847DF2DD9FF}.Release|x64.Deploy.0 = Release|Any CPU
		{892A0216-273A-4878-A12E-7847DF2DD9FF}.Release|x86.ActiveCfg = Release|Any CPU
		{892A0216-273A-4878-A12E-7847DF2DD9FF}.Release|x86.Build.0 = Release|Any CPU
		{892A0216-273A-4878-A12E-7847DF2DD9FF}.Release|x86.Deploy.0 = Release|Any CPU
	EndGlobalSection
	GlobalSection(SolutionProperties) = preSolution
		HideSolutionNode = FALSE
	EndGlobalSection
	GlobalSection(ExtensibilityGlobals) = postSolution
		SolutionGuid = {822F3ADB-7C82-40D2-8C14-B5D76CF7820A}
	EndGlobalSection
EndGlobal
